
Microsoft Visual Studio Solution File, Format Version 12.00
# Visual Studio Version 17
VisualStudioVersion = 17.8.34511.84
MinimumVisualStudioVersion = 10.0.40219.1
Project("{9A19103F-16F7-4668-BE54-9A1E7A4F7556}") = "CSESoftware.OData", "CSESoftware.OData\CSESoftware.OData.csproj", "{9968E918-97D1-4C65-9BBE-5F2BED8D6557}"
EndProject
Project("{FAE04EC0-301F-11D3-BF4B-00C04F79EFBC}") = "CSESoftware.OData.FrameworkTests", "CSESoftware.OData.FrameworkTests\CSESoftware.OData.FrameworkTests.csproj", "{F9C562F0-6195-4997-B423-A7B373B28EB2}"
EndProject
Project("{FAE04EC0-301F-11D3-BF4B-00C04F79EFBC}") = "CSESoftware.OData.Tests", "CSESoftware.OData.Tests\CSESoftware.OData.Tests.csproj", "{0A3BBBDC-3676-4AD4-84ED-B8614B334102}"
EndProject
Global
	GlobalSection(SolutionConfigurationPlatforms) = preSolution
		Debug|Any CPU = Debug|Any CPU
		Release|Any CPU = Release|Any CPU
	EndGlobalSection
	GlobalSection(ProjectConfigurationPlatforms) = postSolution
		{9968E918-97D1-4C65-9BBE-5F2BED8D6557}.Debug|Any CPU.ActiveCfg = Debug|Any CPU
		{9968E918-97D1-4C65-9BBE-5F2BED8D6557}.Debug|Any CPU.Build.0 = Debug|Any CPU
		{9968E918-97D1-4C65-9BBE-5F2BED8D6557}.Release|Any CPU.ActiveCfg = Release|Any CPU
		{9968E918-97D1-4C65-9BBE-5F2BED8D6557}.Release|Any CPU.Build.0 = Release|Any CPU
		{F9C562F0-6195-4997-B423-A7B373B28EB2}.Debug|Any CPU.ActiveCfg = Debug|Any CPU
		{F9C562F0-6195-4997-B423-A7B373B28EB2}.Debug|Any CPU.Build.0 = Debug|Any CPU
		{F9C562F0-6195-4997-B423-A7B373B28EB2}.Release|Any CPU.ActiveCfg = Release|Any CPU
		{F9C562F0-6195-4997-B423-A7B373B28EB2}.Release|Any CPU.Build.0 = Release|Any CPU
		{0A3BBBDC-3676-4AD4-84ED-B8614B334102}.Debug|Any CPU.ActiveCfg = Debug|Any CPU
		{0A3BBBDC-3676-4AD4-84ED-B8614B334102}.Debug|Any CPU.Build.0 = Debug|Any CPU
		{0A3BBBDC-3676-4AD4-84ED-B8614B334102}.Release|Any CPU.ActiveCfg = Release|Any CPU
		{0A3BBBDC-3676-4AD4-84ED-B8614B334102}.Release|Any CPU.Build.0 = Release|Any CPU
	EndGlobalSection
	GlobalSection(SolutionProperties) = preSolution
		HideSolutionNode = FALSE
	EndGlobalSection
	GlobalSection(ExtensibilityGlobals) = postSolution
		SolutionGuid = {335ED739-4FC1-444F-BD39-61913FF988F8}
	EndGlobalSection
EndGlobal
